dependencies:
- name: opentelemetry-collector
  repository: https://open-telemetry.github.io/opentelemetry-helm-charts
  version: 0.143.0
- name: prometheus
  repository: https://prometheus-community.github.io/helm-charts
  version: 28.3.0
- name: loki
  repository: https://grafana.github.io/helm-charts
  version: 6.49.0
- name: tempo
  repository: https://grafana.github.io/helm-charts
  version: 1.24.3
- name: grafana
  repository: https://grafana.github.io/helm-charts
  version: 10.5.5
digest: sha256:fddd99c6ad330f52f54208e6464805a6a7c442ea2f7ad9f9fb1ed8ad7cc4ddf5
generated: "2026-01-14T20:30:09.778977087+01:00"
