dependencies:
- name: opentelemetry-collector
  repository: https://open-telemetry.github.io/opentelemetry-helm-charts
  version: 0.143.0
- name: prometheus
  repository: https://prometheus-community.github.io/helm-charts
  version: 28.3.0
- name: loki
  repository: https://grafana.github.io/helm-charts
  version: 6.49.0
digest: sha256:2b032ddc103e769dfa9c10100fe9fa81197b26b75377306d09a0f1162401c2cb
generated: "2026-01-13T19:46:41.518482116+01:00"
